// !$*UTF8*$!
{
	archiveVersion = 1;
	classes = {
	};
	objectVersion = 46;
	objects = {

/* Begin PBXBuildFile section */
		03ACD9A6198A4810006E1CF1 /* Foundation.framework in Frameworks */ = {isa = PBXBuildFile; fileRef = 03ACD9A5198A4810006E1CF1 /* Foundation.framework */; };
		03ACD9A8198A4811006E1CF1 /* CoreGraphics.framework in Frameworks */ = {isa = PBXBuildFile; fileRef = 03ACD9A7198A4811006E1CF1 /* CoreGraphics.framework */; };
		03ACD9AA198A4811006E1CF1 /* UIKit.framework in Frameworks */ = {isa = PBXBuildFile; fileRef = 03ACD9A9198A4811006E1CF1 /* UIKit.framework */; };
		03ACD9B0198A4811006E1CF1 /* InfoPlist.strings in Resources */ = {isa = PBXBuildFile; fileRef = 03ACD9AE198A4811006E1CF1 /* InfoPlist.strings */; };
		03ACD9B2198A4811006E1CF1 /* main.m in Sources */ = {isa = PBXBuildFile; fileRef = 03ACD9B1198A4811006E1CF1 /* main.m */; };
		03ACD9B6198A4811006E1CF1 /* AppDelegate.m in Sources */ = {isa = PBXBuildFile; fileRef = 03ACD9B5198A4811006E1CF1 /* AppDelegate.m */; };
		03ACD9B8198A4811006E1CF1 /* Images.xcassets in Resources */ = {isa = PBXBuildFile; fileRef = 03ACD9B7198A4811006E1CF1 /* Images.xcassets */; };
		03ACD9E5198A4ADF006E1CF1 /* SSSegmentedControl.m in Sources */ = {isa = PBXBuildFile; fileRef = 03ACD9E4198A4ADF006E1CF1 /* SSSegmentedControl.m */; };
/* End PBXBuildFile section */

/* Begin PBXFileReference section */
		03ACD9A2198A4810006E1CF1 /* SSSegmentedControlSample.app */ = {isa = PBXFileReference; explicitFileType = wrapper.application; includeInIndex = 0; path = SSSegmentedControlSample.app; sourceTree = BUILT_PRODUCTS_DIR; };
		03ACD9A5198A4810006E1CF1 /* Foundation.framework */ = {isa = PBXFileReference; lastKnownFileType = wrapper.framework; name = Foundation.framework; path = System/Library/Frameworks/Foundation.framework; sourceTree = SDKROOT; };
		03ACD9A7198A4811006E1CF1 /* CoreGraphics.framework */ = {isa = PBXFileReference; lastKnownFileType = wrapper.framework; name = CoreGraphics.framework; path = System/Library/Frameworks/CoreGraphics.framework; sourceTree = SDKROOT; };
		03ACD9A9198A4811006E1CF1 /* UIKit.framework */ = {isa = PBXFileReference; lastKnownFileType = wrapper.framework; name = UIKit.framework; path = System/Library/Frameworks/UIKit.framework; sourceTree = SDKROOT; };
		03ACD9AD198A4811006E1CF1 /* SSSegmentedControlSample-Info.plist */ = {isa = PBXFileReference; lastKnownFileType = text.plist.xml; path = "SSSegmentedControlSample-Info.plist"; sourceTree = "<group>"; };
		03ACD9AF198A4811006E1CF1 /* en */ = {isa = PBXFileReference; lastKnownFileType = text.plist.strings; name = en; path = en.lproj/InfoPlist.strings; sourceTree = "<group>"; };
		03ACD9B1198A4811006E1CF1 /* main.m */ = {isa = PBXFileReference; lastKnownFileType = sourcecode.c.objc; path = main.m; sourceTree = "<group>"; };
		03ACD9B3198A4811006E1CF1 /* SSSegmentedControlSample-Prefix.pch */ = {isa = PBXFileReference; lastKnownFileType = sourcecode.c.h; path = "SSSegmentedControlSample-Prefix.pch"; sourceTree = "<group>"; };
		03ACD9B4198A4811006E1CF1 /* AppDelegate.h */ = {isa = PBXFileReference; lastKnownFileType = sourcecode.c.h; path = AppDelegate.h; sourceTree = "<group>"; };
		03ACD9B5198A4811006E1CF1 /* AppDelegate.m */ = {isa = PBXFileReference; lastKnownFileType = sourcecode.c.objc; path = AppDelegate.m; sourceTree = "<group>"; };
		03ACD9B7198A4811006E1CF1 /* Images.xcassets */ = {isa = PBXFileReference; lastKnownFileType = folder.assetcatalog; path = Images.xcassets; sourceTree = "<group>"; };
		03ACD9BE198A4811006E1CF1 /* XCTest.framework */ = {isa = PBXFileReference; lastKnownFileType = wrapper.framework; name = XCTest.framework; path = Library/Frameworks/XCTest.framework; sourceTree = DEVELOPER_DIR; };
		03ACD9E3198A4ADF006E1CF1 /* SSSegmentedControl.h */ = {isa = PBXFileReference; fileEncoding = 4; lastKnownFileType = sourcecode.c.h; path = SSSegmentedControl.h; sourceTree = "<group>"; };
		03ACD9E4198A4ADF006E1CF1 /* SSSegmentedControl.m */ = {isa = PBXFileReference; fileEncoding = 4; lastKnownFileType = sourcecode.c.objc; path = SSSegmentedControl.m; sourceTree = "<group>"; };
/* End PBXFileReference section */

/* Begin PBXFrameworksBuildPhase section */
		03ACD99F198A4810006E1CF1 /* Frameworks */ = {
			isa = PBXFrameworksBuildPhase;
			buildActionMask = 2147483647;
			files = (
				03ACD9A8198A4811006E1CF1 /* CoreGraphics.framework in Frameworks */,
				03ACD9AA198A4811006E1CF1 /* UIKit.framework in Frameworks */,
				03ACD9A6198A4810006E1CF1 /* Foundation.framework in Frameworks */,
			);
			runOnlyForDeploymentPostprocessing = 0;
		};
/* End PBXFrameworksBuildPhase section */

/* Begin PBXGroup section */
		03ACD999198A4810006E1CF1 = {
			isa = PBXGroup;
			children = (
				03ACD9AB198A4811006E1CF1 /* SSSegmentedControlSample */,
				03ACD9A4198A4810006E1CF1 /* Frameworks */,
				03ACD9A3198A4810006E1CF1 /* Products */,
			);
			sourceTree = "<group>";
		};
		03ACD9A3198A4810006E1CF1 /* Products */ = {
			isa = PBXGroup;
			children = (
				03ACD9A2198A4810006E1CF1 /* SSSegmentedControlSample.app */,
			);
			name = Products;
			sourceTree = "<group>";
		};
		03ACD9A4198A4810006E1CF1 /* Frameworks */ = {
			isa = PBXGroup;
			children = (
				03ACD9A5198A4810006E1CF1 /* Foundation.framework */,
				03ACD9A7198A4811006E1CF1 /* CoreGraphics.framework */,
				03ACD9A9198A4811006E1CF1 /* UIKit.framework */,
				03ACD9BE198A4811006E1CF1 /* XCTest.framework */,
			);
			name = Frameworks;
			sourceTree = "<group>";
		};
		03ACD9AB198A4811006E1CF1 /* SSSegmentedControlSample */ = {
			isa = PBXGroup;
			children = (
				03ACD9B4198A4811006E1CF1 /* AppDelegate.h */,
				03ACD9B5198A4811006E1CF1 /* AppDelegate.m */,
				03ACD9E2198A4ADF006E1CF1 /* SSSegmentedControl */,
				03ACD9B7198A4811006E1CF1 /* Images.xcassets */,
				03ACD9AC198A4811006E1CF1 /* Supporting Files */,
			);
			path = SSSegmentedControlSample;
			sourceTree = "<group>";
		};
		03ACD9AC198A4811006E1CF1 /* Supporting Files */ = {
			isa = PBXGroup;
			children = (
				03ACD9AD198A4811006E1CF1 /* SSSegmentedControlSample-Info.plist */,
				03ACD9AE198A4811006E1CF1 /* InfoPlist.strings */,
				03ACD9B1198A4811006E1CF1 /* main.m */,
				03ACD9B3198A4811006E1CF1 /* SSSegmentedControlSample-Prefix.pch */,
			);
			name = "Supporting Files";
			sourceTree = "<group>";
		};
		03ACD9E2198A4ADF006E1CF1 /* SSSegmentedControl */ = {
			isa = PBXGroup;
			children = (
				03ACD9E3198A4ADF006E1CF1 /* SSSegmentedControl.h */,
				03ACD9E4198A4ADF006E1CF1 /* SSSegmentedControl.m */,
			);
			name = SSSegmentedControl;
			path = ../../SSSegmentedControl;
			sourceTree = "<group>";
		};
/* End PBXGroup section */

/* Begin PBXNativeTarget section */
		03ACD9A1198A4810006E1CF1 /* SSSegmentedControlSample */ = {
			isa = PBXNativeTarget;
			buildConfigurationList = 03ACD9CE198A4811006E1CF1 /* Build configuration list for PBXNativeTarget "SSSegmentedControlSample" */;
			buildPhases = (
				03ACD99E198A4810006E1CF1 /* Sources */,
				03ACD99F198A4810006E1CF1 /* Frameworks */,
				03ACD9A0198A4810006E1CF1 /* Resources */,
			);
			buildRules = (
			);
			dependencies = (
			);
			name = SSSegmentedControlSample;
			productName = SSSegmentedControlSample;
			productReference = 03ACD9A2198A4810006E1CF1 /* SSSegmentedControlSample.app */;
			productType = "com.apple.product-type.application";
		};
/* End PBXNativeTarget section */

/* Begin PBXProject section */
		03ACD99A198A4810006E1CF1 /* Project object */ = {
			isa = PBXProject;
			attributes = {
				LastUpgradeCheck = 0510;
				ORGANIZATIONNAME = "Suyeol Jeon";
			};
			buildConfigurationList = 03ACD99D198A4810006E1CF1 /* Build configuration list for PBXProject "SSSegmentedControlSample" */;
			compatibilityVersion = "Xcode 3.2";
			developmentRegion = English;
			hasScannedForEncodings = 0;
			knownRegions = (
				en,
			);
			mainGroup = 03ACD999198A4810006E1CF1;
			productRefGroup = 03ACD9A3198A4810006E1CF1 /* Products */;
			projectDirPath = "";
			projectRoot = "";
			targets = (
				03ACD9A1198A4810006E1CF1 /* SSSegmentedControlSample */,
			);
		};
/* End PBXProject section */

/* Begin PBXResourcesBuildPhase section */
		03ACD9A0198A4810006E1CF1 /* Resources */ = {
			isa = PBXResourcesBuildPhase;
			buildActionMask = 2147483647;
			files = (
				03ACD9B0198A4811006E1CF1 /* InfoPlist.strings in Resources */,
				03ACD9B8198A4811006E1CF1 /* Images.xcassets in Resources */,
			);
			runOnlyForDeploymentPostprocessing = 0;
		};
/* End PBXResourcesBuildPhase section */

/* Begin PBXSourcesBuildPhase section */
		03ACD99E198A4810006E1CF1 /* Sources */ = {
			isa = PBXSourcesBuildPhase;
			buildActionMask = 2147483647;
			files = (
				03ACD9E5198A4ADF006E1CF1 /* SSSegmentedControl.m in Sources */,
				03ACD9B6198A4811006E1CF1 /* AppDelegate.m in Sources */,
				03ACD9B2198A4811006E1CF1 /* main.m in Sources */,
			);
			runOnlyForDeploymentPostprocessing = 0;
		};
/* End PBXSourcesBuildPhase section */

/* Begin PBXVariantGroup section */
		03ACD9AE198A4811006E1CF1 /* InfoPlist.strings */ = {
			isa = PBXVariantGroup;
			children = (
				03ACD9AF198A4811006E1CF1 /* en */,
			);
			name = InfoPlist.strings;
			sourceTree = "<group>";
		};
/* End PBXVariantGroup section */

/* Begin XCBuildConfiguration section */
		03ACD9CC198A4811006E1CF1 /* Debug */ = {
			isa = XCBuildConfiguration;
			buildSettings = {
				ALWAYS_SEARCH_USER_PATHS = NO;
				CLANG_CXX_LANGUAGE_STANDARD = "gnu++0x";
				CLANG_CXX_LIBRARY = "libc++";
				CLANG_ENABLE_MODULES = YES;
				CLANG_ENABLE_OBJC_ARC = YES;
				CLANG_WARN_BOOL_CONVERSION = YES;
				CLANG_WARN_CONSTANT_CONVERSION = YES;
				CLANG_WARN_DIRECT_OBJC_ISA_USAGE = YES_ERROR;
				CLANG_WARN_EMPTY_BODY = YES;
				CLANG_WARN_ENUM_CONVERSION = YES;
				CLANG_WARN_INT_CONVERSION = YES;
				CLANG_WARN_OBJC_ROOT_CLASS = YES_ERROR;
				CLANG_WARN__DUPLICATE_METHOD_MATCH = YES;
				"CODE_SIGN_IDENTITY[sdk=iphoneos*]" = "iPhone Developer";
				COPY_PHASE_STRIP = NO;
				GCC_C_LANGUAGE_STANDARD = gnu99;
				GCC_DYNAMIC_NO_PIC = NO;
				GCC_OPTIMIZATION_LEVEL = 0;
				GCC_PREPROCESSOR_DEFINITIONS = (
					"DEBUG=1",
					"$(inherited)",
				);
				GCC_SYMBOLS_PRIVATE_EXTERN = NO;
				GCC_WARN_64_TO_32_BIT_CONVERSION = YES;
				GCC_WARN_ABOUT_RETURN_TYPE = YES_ERROR;
				GCC_WARN_UNDECLARED_SELECTOR = YES;
				GCC_WARN_UNINITIALIZED_AUTOS = YES_AGGRESSIVE;
				GCC_WARN_UNUSED_FUNCTION = YES;
				GCC_WARN_UNUSED_VARIABLE = YES;
				IPHONEOS_DEPLOYMENT_TARGET = 7.1;
				ONLY_ACTIVE_ARCH = YES;
				SDKROOT = iphoneos;
				TARGETED_DEVICE_FAMILY = "1,2";
			};
			name = Debug;
		};
		03ACD9CD198A4811006E1CF1 /* Release */ = {
			isa = XCBuildConfiguration;
			buildSettings = {
				ALWAYS_SEARCH_USER_PATHS = NO;
				CLANG_CXX_LANGUAGE_STANDARD = "gnu++0x";
				CLANG_CXX_LIBRARY = "libc++";
				CLANG_ENABLE_MODULES = YES;
				CLANG_ENABLE_OBJC_ARC = YES;
				CLANG_WARN_BOOL_CONVERSION = YES;
				CLANG_WARN_CONSTANT_CONVERSION = YES;
				CLANG_WARN_DIRECT_OBJC_ISA_USAGE = YES_ERROR;
				CLANG_WARN_EMPTY_BODY = YES;
				CLANG_WARN_ENUM_CONVERSION = YES;
				CLANG_WARN_INT_CONVERSION = YES;
				CLANG_WARN_OBJC_ROOT_CLASS = YES_ERROR;
				CLANG_WARN__DUPLICATE_METHOD_MATCH = YES;
				"CODE_SIGN_IDENTITY[sdk=iphoneos*]" = "iPhone Developer";
				COPY_PHASE_STRIP = YES;
				ENABLE_NS_ASSERTIONS = NO;
				GCC_C_LANGUAGE_STANDARD = gnu99;
				GCC_WARN_64_TO_32_BIT_CONVERSION = YES;
				GCC_WARN_ABOUT_RETURN_TYPE = YES_ERROR;
				GCC_WARN_UNDECLARED_SELECTOR = YES;
				GCC_WARN_UNINITIALIZED_AUTOS = YES_AGGRESSIVE;
				GCC_WARN_UNUSED_FUNCTION = YES;
				GCC_WARN_UNUSED_VARIABLE = YES;
				IPHONEOS_DEPLOYMENT_TARGET = 7.1;
				SDKROOT = iphoneos;
				TARGETED_DEVICE_FAMILY = "1,2";
				VALIDATE_PRODUCT = YES;
			};
			name = Release;
		};
		03ACD9CF198A4811006E1CF1 /* Debug */ = {
			isa = XCBuildConfiguration;
			buildSettings = {
				ASSETCATALOG_COMPILER_APPICON_NAME = AppIcon;
				ASSETCATALOG_COMPILER_LAUNCHIMAGE_NAME = LaunchImage;
				GCC_PRECOMPILE_PREFIX_HEADER = YES;
				GCC_PREFIX_HEADER = "SSSegmentedControlSample/SSSegmentedControlSample-Prefix.pch";
				INFOPLIST_FILE = "SSSegmentedControlSample/SSSegmentedControlSample-Info.plist";
				PRODUCT_NAME = "$(TARGET_NAME)";
				WRAPPER_EXTENSION = app;
			};
			name = Debug;
		};
		03ACD9D0198A4811006E1CF1 /* Release */ = {
			isa = XCBuildConfiguration;
			buildSettings = {
				ASSETCATALOG_COMPILER_APPICON_NAME = AppIcon;
				ASSETCATALOG_COMPILER_LAUNCHIMAGE_NAME = LaunchImage;
				GCC_PRECOMPILE_PREFIX_HEADER = YES;
				GCC_PREFIX_HEADER = "SSSegmentedControlSample/SSSegmentedControlSample-Prefix.pch";
				INFOPLIST_FILE = "SSSegmentedControlSample/SSSegmentedControlSample-Info.plist";
				PRODUCT_NAME = "$(TARGET_NAME)";
				WRAPPER_EXTENSION = app;
			};
			name = Release;
		};
/* End XCBuildConfiguration section */

/* Begin XCConfigurationList section */
		03ACD99D198A4810006E1CF1 /* Build configuration list for PBXProject "SSSegmentedControlSample" */ = {
			isa = XCConfigurationList;
			buildConfigurations = (
				03ACD9CC198A4811006E1CF1 /* Debug */,
				03ACD9CD198A4811006E1CF1 /* Release */,
			);
			defaultConfigurationIsVisible = 0;
			defaultConfigurationName = Release;
		};
		03ACD9CE198A4811006E1CF1 /* Build configuration list for PBXNativeTarget "SSSegmentedControlSample" */ = {
			isa = XCConfigurationList;
			buildConfigurations = (
				03ACD9CF198A4811006E1CF1 /* Debug */,
				03ACD9D0198A4811006E1CF1 /* Release */,
			);
			defaultConfigurationIsVisible = 0;
			defaultConfigurationName = Release;
		};
/* End XCConfigurationList section */
	};
	rootObject = 03ACD99A198A4810006E1CF1 /* Project object */;
}
